// !$*UTF8*$!
{
	archiveVersion = 1;
	classes = {
	};
	objectVersion = 50;
	objects = {

/* Begin PBXBuildFile section */
		3183CC18264262BE002C1C90 /* AppDelegate.swift in Sources */ = {isa = PBXBuildFile; fileRef = 3183CC17264262BE002C1C90 /* AppDelegate.swift */; };
		3183CC1A264262BE002C1C90 /* SceneDelegate.swift in Sources */ = {isa = PBXBuildFile; fileRef = 3183CC19264262BE002C1C90 /* SceneDelegate.swift */; };
		3183CC1C264262BE002C1C90 /* ViewController.swift in Sources */ = {isa = PBXBuildFile; fileRef = 3183CC1B264262BE002C1C90 /* ViewController.swift */; };
		3183CC1F264262BE002C1C90 /* Main.storyboard in Resources */ = {isa = PBXBuildFile; fileRef = 3183CC1D264262BE002C1C90 /* Main.storyboard */; };
		3183CC21264262C0002C1C90 /* Assets.xcassets in Resources */ = {isa = PBXBuildFile; fileRef = 3183CC20264262C0002C1C90 /* Assets.xcassets */; };
		3183CC24264262C0002C1C90 /* LaunchScreen.storyboard in Resources */ = {isa = PBXBuildFile; fileRef = 3183CC22264262C0002C1C90 /* LaunchScreen.storyboard */; };
		3183CC2C2642B59C002C1C90 /* DataInfo.swift in Sources */ = {isa = PBXBuildFile; fileRef = 3183CC2B2642B59C002C1C90 /* DataInfo.swift */; };
		3183CC2E2642BB46002C1C90 /* ShowPicViewController.swift in Sources */ = {isa = PBXBuildFile; fileRef = 3183CC2D2642BB46002C1C90 /* ShowPicViewController.swift */; };
/* End PBXBuildFile section */

/* Begin PBXFileReference section */
		3183CC14264262BE002C1C90 /* CircleGraphs.app */ = {isa = PBXFileReference; explicitFileType = wrapper.application; includeInIndex = 0; path = CircleGraphs.app; sourceTree = BUILT_PRODUCTS_DIR; };
		3183CC17264262BE002C1C90 /* AppDelegate.swift */ = {isa = PBXFileReference; lastKnownFileType = sourcecode.swift; path = AppDelegate.swift; sourceTree = "<group>"; };
		3183CC19264262BE002C1C90 /* SceneDelegate.swift */ = {isa = PBXFileReference; lastKnownFileType = sourcecode.swift; path = SceneDelegate.swift; sourceTree = "<group>"; };
		3183CC1B264262BE002C1C90 /* ViewController.swift */ = {isa = PBXFileReference; lastKnownFileType = sourcecode.swift; path = ViewController.swift; sourceTree = "<group>"; };
		3183CC1E264262BE002C1C90 /* Base */ = {isa = PBXFileReference; lastKnownFileType = file.storyboard; name = Base; path = Base.lproj/Main.storyboard; sourceTree = "<group>"; };
		3183CC20264262C0002C1C90 /* Assets.xcassets */ = {isa = PBXFileReference; lastKnownFileType = folder.assetcatalog; path = Assets.xcassets; sourceTree = "<group>"; };
		3183CC23264262C0002C1C90 /* Base */ = {isa = PBXFileReference; lastKnownFileType = file.storyboard; name = Base; path = Base.lproj/LaunchScreen.storyboard; sourceTree = "<group>"; };
		3183CC25264262C0002C1C90 /* Info.plist */ = {isa = PBXFileReference; lastKnownFileType = text.plist.xml; path = Info.plist; sourceTree = "<group>"; };
		3183CC2B2642B59C002C1C90 /* DataInfo.swift */ = {isa = PBXFileReference; lastKnownFileType = sourcecode.swift; path = DataInfo.swift; sourceTree = "<group>"; };
		3183CC2D2642BB46002C1C90 /* ShowPicViewController.swift */ = {isa = PBXFileReference; lastKnownFileType = sourcecode.swift; path = ShowPicViewController.swift; sourceTree = "<group>"; };
/* End PBXFileReference section */

/* Begin PBXFrameworksBuildPhase section */
		3183CC11264262BE002C1C90 /* Frameworks */ = {
			isa = PBXFrameworksBuildPhase;
			buildActionMask = 2147483647;
			files = (
			);
			runOnlyForDeploymentPostprocessing = 0;
		};
/* End PBXFrameworksBuildPhase section */

/* Begin PBXGroup section */
		3183CC0B264262BE002C1C90 = {
			isa = PBXGroup;
			children = (
				3183CC16264262BE002C1C90 /* CircleGraphs */,
				3183CC15264262BE002C1C90 /* Products */,
			);
			sourceTree = "<group>";
		};
		3183CC15264262BE002C1C90 /* Products */ = {
			isa = PBXGroup;
			children = (
				3183CC14264262BE002C1C90 /* CircleGraphs.app */,
			);
			name = Products;
			sourceTree = "<group>";
		};
		3183CC16264262BE002C1C90 /* CircleGraphs */ = {
			isa = PBXGroup;
			children = (
				3183CC17264262BE002C1C90 /* AppDelegate.swift */,
				3183CC19264262BE002C1C90 /* SceneDelegate.swift */,
				3183CC1B264262BE002C1C90 /* ViewController.swift */,
				3183CC2D2642BB46002C1C90 /* ShowPicViewController.swift */,
				3183CC2B2642B59C002C1C90 /* DataInfo.swift */,
				3183CC1D264262BE002C1C90 /* Main.storyboard */,
				3183CC20264262C0002C1C90 /* Assets.xcassets */,
				3183CC22264262C0002C1C90 /* LaunchScreen.storyboard */,
				3183CC25264262C0002C1C90 /* Info.plist */,
			);
			path = CircleGraphs;
			sourceTree = "<group>";
		};
/* End PBXGroup section */

/* Begin PBXNativeTarget section */
		3183CC13264262BE002C1C90 /* CircleGraphs */ = {
			isa = PBXNativeTarget;
			buildConfigurationList = 3183CC28264262C0002C1C90 /* Build configuration list for PBXNativeTarget "CircleGraphs" */;
			buildPhases = (
				3183CC10264262BE002C1C90 /* Sources */,
				3183CC11264262BE002C1C90 /* Frameworks */,
				3183CC12264262BE002C1C90 /* Resources */,
			);
			buildRules = (
			);
			dependencies = (
			);
			name = CircleGraphs;
			productName = CircleGraphs;
			productReference = 3183CC14264262BE002C1C90 /* CircleGraphs.app */;
			productType = "com.apple.product-type.application";
		};
/* End PBXNativeTarget section */

/* Begin PBXProject section */
		3183CC0C264262BE002C1C90 /* Project object */ = {
			isa = PBXProject;
			attributes = {
				LastSwiftUpdateCheck = 1250;
				LastUpgradeCheck = 1250;
				TargetAttributes = {
					3183CC13264262BE002C1C90 = {
						CreatedOnToolsVersion = 12.5;
					};
				};
			};
			buildConfigurationList = 3183CC0F264262BE002C1C90 /* Build configuration list for PBXProject "CircleGraphs" */;
			compatibilityVersion = "Xcode 9.3";
			developmentRegion = en;
			hasScannedForEncodings = 0;
			knownRegions = (
				en,
				Base,
			);
			mainGroup = 3183CC0B264262BE002C1C90;
			productRefGroup = 3183CC15264262BE002C1C90 /* Products */;
			projectDirPath = "";
			projectRoot = "";
			targets = (
				3183CC13264262BE002C1C90 /* CircleGraphs */,
			);
		};
/* End PBXProject section */

/* Begin PBXResourcesBuildPhase section */
		3183CC12264262BE002C1C90 /* Resources */ = {
			isa = PBXResourcesBuildPhase;
			buildActionMask = 2147483647;
			files = (
				3183CC24264262C0002C1C90 /* LaunchScreen.storyboard in Resources */,
				3183CC21264262C0002C1C90 /* Assets.xcassets in Resources */,
				3183CC1F264262BE002C1C90 /* Main.storyboard in Resources */,
			);
			runOnlyForDeploymentPostprocessing = 0;
		};
/* End PBXResourcesBuildPhase section */

/* Begin PBXSourcesBuildPhase section */
		3183CC10264262BE002C1C90 /* Sources */ = {
			isa = PBXSourcesBuildPhase;
			buildActionMask = 2147483647;
			files = (
				3183CC1C264262BE002C1C90 /* ViewController.swift in Sources */,
				3183CC18264262BE002C1C90 /* AppDelegate.swift in Sources */,
				3183CC2E2642BB46002C1C90 /* ShowPicViewController.swift in Sources */,
				3183CC1A264262BE002C1C90 /* SceneDelegate.swift in Sources */,
				3183CC2C2642B59C002C1C90 /* DataInfo.swift in Sources */,
			);
			runOnlyForDeploymentPostprocessing = 0;
		};
/* End PBXSourcesBuildPhase section */

/* Begin PBXVariantGroup section */
		3183CC1D264262BE002C1C90 /* Main.storyboard */ = {
			isa = PBXVariantGroup;
			children = (
				3183CC1E264262BE002C1C90 /* Base */,
			);
			name = Main.storyboard;
			sourceTree = "<group>";
		};
		3183CC22264262C0002C1C90 /* LaunchScreen.storyboard */ = {
			isa = PBXVariantGroup;
			children = (
				3183CC23264262C0002C1C90 /* Base */,
			);
			name = LaunchScreen.storyboard;
			sourceTree = "<group>";
		};
/* End PBXVariantGroup section */

/* Begin XCBuildConfiguration section */
		3183CC26264262C0002C1C90 /* Debug */ = {
			isa = XCBuildConfiguration;
			buildSettings = {
				ALWAYS_SEARCH_USER_PATHS = NO;
				CLANG_ANALYZER_NONNULL = YES;
				CLANG_ANALYZER_NUMBER_OBJECT_CONVERSION = YES_AGGRESSIVE;
				CLANG_CXX_LANGUAGE_STANDARD = "gnu++14";
				CLANG_CXX_LIBRARY = "libc++";
				CLANG_ENABLE_MODULES = YES;
				CLANG_ENABLE_OBJC_ARC = YES;
				CLANG_ENABLE_OBJC_WEAK = YES;
				CLANG_WARN_BLOCK_CAPTURE_AUTORELEASING = YES;
				CLANG_WARN_BOOL_CONVERSION = YES;
				CLANG_WARN_COMMA = YES;
				CLANG_WARN_CONSTANT_CONVERSION = YES;
				CLANG_WARN_DEPRECATED_OBJC_IMPLEMENTATIONS = YES;
				CLANG_WARN_DIRECT_OBJC_ISA_USAGE = YES_ERROR;
				CLANG_WARN_DOCUMENTATION_COMMENTS = YES;
				CLANG_WARN_EMPTY_BODY = YES;
				CLANG_WARN_ENUM_CONVERSION = YES;
				CLANG_WARN_INFINITE_RECURSION = YES;
				CLANG_WARN_INT_CONVERSION = YES;
				CLANG_WARN_NON_LITERAL_NULL_CONVERSION = YES;
				CLANG_WARN_OBJC_IMPLICIT_RETAIN_SELF = YES;
				CLANG_WARN_OBJC_LITERAL_CONVERSION = YES;
				CLANG_WARN_OBJC_ROOT_CLASS = YES_ERROR;
				CLANG_WARN_QUOTED_INCLUDE_IN_FRAMEWORK_HEADER = YES;
				CLANG_WARN_RANGE_LOOP_ANALYSIS = YES;
				CLANG_WARN_STRICT_PROTOTYPES = YES;
				CLANG_WARN_SUSPICIOUS_MOVE = YES;
				CLANG_WARN_UNGUARDED_AVAILABILITY = YES_AGGRESSIVE;
				CLANG_WARN_UNREACHABLE_CODE = YES;
				CLANG_WARN__DUPLICATE_METHOD_MATCH = YES;
				COPY_PHASE_STRIP = NO;
				DEBUG_INFORMATION_FORMAT = dwarf;
				ENABLE_STRICT_OBJC_MSGSEND = YES;
				ENABLE_TESTABILITY = YES;
				GCC_C_LANGUAGE_STANDARD = gnu11;
				GCC_DYNAMIC_NO_PIC = NO;
				GCC_NO_COMMON_BLOCKS = YES;
				GCC_OPTIMIZATION_LEVEL = 0;
				GCC_PREPROCESSOR_DEFINITIONS = (
					"DEBUG=1",
					"$(inherited)",
				);
				GCC_WARN_64_TO_32_BIT_CONVERSION = YES;
				GCC_WARN_ABOUT_RETURN_TYPE = YES_ERROR;
				GCC_WARN_UNDECLARED_SELECTOR = YES;
				GCC_WARN_UNINITIALIZED_AUTOS = YES_AGGRESSIVE;
				GCC_WARN_UNUSED_FUNCTION = YES;
				GCC_WARN_UNUSED_VARIABLE = YES;
				IPHONEOS_DEPLOYMENT_TARGET = 14.5;
				MTL_ENABLE_DEBUG_INFO = INCLUDE_SOURCE;
				MTL_FAST_MATH = YES;
				ONLY_ACTIVE_ARCH = YES;
				SDKROOT = iphoneos;
				SWIFT_ACTIVE_COMPILATION_CONDITIONS = DEBUG;
				SWIFT_OPTIMIZATION_LEVEL = "-Onone";
			};
			name = Debug;
		};
		3183CC27264262C0002C1C90 /* Release */ = {
			isa = XCBuildConfiguration;
			buildSettings = {
				ALWAYS_SEARCH_USER_PATHS = NO;
				CLANG_ANALYZER_NONNULL = YES;
				CLANG_ANALYZER_NUMBER_OBJECT_CONVERSION = YES_AGGRESSIVE;
				CLANG_CXX_LANGUAGE_STANDARD = "gnu++14";
				CLANG_CXX_LIBRARY = "libc++";
				CLANG_ENABLE_MODULES = YES;
				CLANG_ENABLE_OBJC_ARC = YES;
				CLANG_ENABLE_OBJC_WEAK = YES;
				CLANG_WARN_BLOCK_CAPTURE_AUTORELEASING = YES;
				CLANG_WARN_BOOL_CONVERSION = YES;
				CLANG_WARN_COMMA = YES;
				CLANG_WARN_CONSTANT_CONVERSION = YES;
				CLANG_WARN_DEPRECATED_OBJC_IMPLEMENTATIONS = YES;
				CLANG_WARN_DIRECT_OBJC_ISA_USAGE = YES_ERROR;
				CLANG_WARN_DOCUMENTATION_COMMENTS = YES;
				CLANG_WARN_EMPTY_BODY = YES;
				CLANG_WARN_ENUM_CONVERSION = YES;
				CLANG_WARN_INFINITE_RECURSION = YES;
				CLANG_WARN_INT_CONVERSION = YES;
				CLANG_WARN_NON_LITERAL_NULL_CONVERSION = YES;
				CLANG_WARN_OBJC_IMPLICIT_RETAIN_SELF = YES;
				CLANG_WARN_OBJC_LITERAL_CONVERSION = YES;
				CLANG_WARN_OBJC_ROOT_CLASS = YES_ERROR;
				CLANG_WARN_QUOTED_INCLUDE_IN_FRAMEWORK_HEADER = YES;
				CLANG_WARN_RANGE_LOOP_ANALYSIS = YES;
				CLANG_WARN_STRICT_PROTOTYPES = YES;
				CLANG_WARN_SUSPICIOUS_MOVE = YES;
				CLANG_WARN_UNGUARDED_AVAILABILITY = YES_AGGRESSIVE;
				CLANG_WARN_UNREACHABLE_CODE = YES;
				CLANG_WARN__DUPLICATE_METHOD_MATCH = YES;
				COPY_PHASE_STRIP = NO;
				DEBUG_INFORMATION_FORMAT = "dwarf-with-dsym";
				ENABLE_NS_ASSERTIONS = NO;
				ENABLE_STRICT_OBJC_MSGSEND = YES;
				GCC_C_LANGUAGE_STANDARD = gnu11;
				GCC_NO_COMMON_BLOCKS = YES;
				GCC_WARN_64_TO_32_BIT_CONVERSION = YES;
				GCC_WARN_ABOUT_RETURN_TYPE = YES_ERROR;
				GCC_WARN_UNDECLARED_SELECTOR = YES;
				GCC_WARN_UNINITIALIZED_AUTOS = YES_AGGRESSIVE;
				GCC_WARN_UNUSED_FUNCTION = YES;
				GCC_WARN_UNUSED_VARIABLE = YES;
				IPHONEOS_DEPLOYMENT_TARGET = 14.5;
				MTL_ENABLE_DEBUG_INFO = NO;
				MTL_FAST_MATH = YES;
				SDKROOT = iphoneos;
				SWIFT_COMPILATION_MODE = wholemodule;
				SWIFT_OPTIMIZATION_LEVEL = "-O";
				VALIDATE_PRODUCT = YES;
			};
			name = Release;
		};
		3183CC29264262C0002C1C90 /* Debug */ = {
			isa = XCBuildConfiguration;
			buildSettings = {
				ASSETCATALOG_COMPILER_APPICON_NAME = AppIcon;
				ASSETCATALOG_COMPILER_GLOBAL_ACCENT_COLOR_NAME = AccentColor;
				CODE_SIGN_STYLE = Automatic;
				INFOPLIST_FILE = CircleGraphs/Info.plist;
				LD_RUNPATH_SEARCH_PATHS = (
					"$(inherited)",
					"@executable_path/Frameworks",
				);
				PRODUCT_BUNDLE_IDENTIFIER = "tw.com.studio-parkerlived.CircleGraphs";
				PRODUCT_NAME = "$(TARGET_NAME)";
				SWIFT_VERSION = 5.0;
				TARGETED_DEVICE_FAMILY = "1,2";
			};
			name = Debug;
		};
		3183CC2A264262C0002C1C90 /* Release */ = {
			isa = XCBuildConfiguration;
			buildSettings = {
				ASSETCATALOG_COMPILER_APPICON_NAME = AppIcon;
				ASSETCATALOG_COMPILER_GLOBAL_ACCENT_COLOR_NAME = AccentColor;
				CODE_SIGN_STYLE = Automatic;
				INFOPLIST_FILE = CircleGraphs/Info.plist;
				LD_RUNPATH_SEARCH_PATHS = (
					"$(inherited)",
					"@executable_path/Frameworks",
				);
				PRODUCT_BUNDLE_IDENTIFIER = "tw.com.studio-parkerlived.CircleGraphs";
				PRODUCT_NAME = "$(TARGET_NAME)";
				SWIFT_VERSION = 5.0;
				TARGETED_DEVICE_FAMILY = "1,2";
			};
			name = Release;
		};
/* End XCBuildConfiguration section */

/* Begin XCConfigurationList section */
		3183CC0F264262BE002C1C90 /* Build configuration list for PBXProject "CircleGraphs" */ = {
			isa = XCConfigurationList;
			buildConfigurations = (
				3183CC26264262C0002C1C90 /* Debug */,
				3183CC27264262C0002C1C90 /* Release */,
			);
			defaultConfigurationIsVisible = 0;
			defaultConfigurationName = Release;
		};
		3183CC28264262C0002C1C90 /* Build configuration list for PBXNativeTarget "CircleGraphs" */ = {
			isa = XCConfigurationList;
			buildConfigurations = (
				3183CC29264262C0002C1C90 /* Debug */,
				3183CC2A264262C0002C1C90 /* Release */,
			);
			defaultConfigurationIsVisible = 0;
			defaultConfigurationName = Release;
		};
/* End XCConfigurationList section */
	};
	rootObject = 3183CC0C264262BE002C1C90 /* Project object */;
}
